// !$*UTF8*$!
{
	archiveVersion = 1;
	classes = {
	};
	objectVersion = 56;
	objects = {

/* Begin PBXBuildFile section */
		B53D949D2A44ACCA008B243E /* ImpactUnlockedCardView.swift in Sources */ = {isa = PBXBuildFile; fileRef = B53D949C2A44ACCA008B243E /* ImpactUnlockedCardView.swift */; };
		B578512D2A43906800B21A03 /* Localizable.strings in Resources */ = {isa = PBXBuildFile; fileRef = B578512C2A43906800B21A03 /* Localizable.strings */; };
		B57851312A439C3F00B21A03 /* ViewModifiers.swift in Sources */ = {isa = PBXBuildFile; fileRef = B57851302A439C3F00B21A03 /* ViewModifiers.swift */; };
		B57851332A439D3C00B21A03 /* Colors.swift in Sources */ = {isa = PBXBuildFile; fileRef = B57851322A439D3C00B21A03 /* Colors.swift */; };
		B57851352A439F2C00B21A03 /* Styles.swift in Sources */ = {isa = PBXBuildFile; fileRef = B57851342A439F2C00B21A03 /* Styles.swift */; };
		B5B834782A43885000866E6A /* WhoopTrainingApp.swift in Sources */ = {isa = PBXBuildFile; fileRef = B5B834772A43884F00866E6A /* WhoopTrainingApp.swift */; };
		B5B8347A2A43885000866E6A /* ContentView.swift in Sources */ = {isa = PBXBuildFile; fileRef = B5B834792A43885000866E6A /* ContentView.swift */; };
		B5B8347C2A43885200866E6A /* Assets.xcassets in Resources */ = {isa = PBXBuildFile; fileRef = B5B8347B2A43885200866E6A /* Assets.xcassets */; };
		B5B8347F2A43885200866E6A /* Preview Assets.xcassets in Resources */ = {isa = PBXBuildFile; fileRef = B5B8347E2A43885200866E6A /* Preview Assets.xcassets */; };
		B5B834872A43892F00866E6A /* GenericCard.swift in Sources */ = {isa = PBXBuildFile; fileRef = B5B834862A43892F00866E6A /* GenericCard.swift */; };
/* End PBXBuildFile section */

/* Begin PBXFileReference section */
		B53D949C2A44ACCA008B243E /* ImpactUnlockedCardView.swift */ = {isa = PBXFileReference; lastKnownFileType = sourcecode.swift; path = ImpactUnlockedCardView.swift; sourceTree = "<group>"; };
		B578512C2A43906800B21A03 /* Localizable.strings */ = {isa = PBXFileReference; lastKnownFileType = text.plist.strings; path = Localizable.strings; sourceTree = "<group>"; };
		B57851302A439C3F00B21A03 /* ViewModifiers.swift */ = {isa = PBXFileReference; lastKnownFileType = sourcecode.swift; path = ViewModifiers.swift; sourceTree = "<group>"; };
		B57851322A439D3C00B21A03 /* Colors.swift */ = {isa = PBXFileReference; lastKnownFileType = sourcecode.swift; path = Colors.swift; sourceTree = "<group>"; };
		B57851342A439F2C00B21A03 /* Styles.swift */ = {isa = PBXFileReference; lastKnownFileType = sourcecode.swift; path = Styles.swift; sourceTree = "<group>"; };
		B5B834742A43884F00866E6A /* WhoopTraining.app */ = {isa = PBXFileReference; explicitFileType = wrapper.application; includeInIndex = 0; path = WhoopTraining.app; sourceTree = BUILT_PRODUCTS_DIR; };
		B5B834772A43884F00866E6A /* WhoopTrainingApp.swift */ = {isa = PBXFileReference; lastKnownFileType = sourcecode.swift; path = WhoopTrainingApp.swift; sourceTree = "<group>"; };
		B5B834792A43885000866E6A /* ContentView.swift */ = {isa = PBXFileReference; lastKnownFileType = sourcecode.swift; path = ContentView.swift; sourceTree = "<group>"; };
		B5B8347B2A43885200866E6A /* Assets.xcassets */ = {isa = PBXFileReference; lastKnownFileType = folder.assetcatalog; path = Assets.xcassets; sourceTree = "<group>"; };
		B5B8347E2A43885200866E6A /* Preview Assets.xcassets */ = {isa = PBXFileReference; lastKnownFileType = folder.assetcatalog; path = "Preview Assets.xcassets"; sourceTree = "<group>"; };
		B5B834862A43892F00866E6A /* GenericCard.swift */ = {isa = PBXFileReference; lastKnownFileType = sourcecode.swift; path = GenericCard.swift; sourceTree = "<group>"; };
/* End PBXFileReference section */

/* Begin PBXFrameworksBuildPhase section */
		B5B834712A43884F00866E6A /* Frameworks */ = {
			isa = PBXFrameworksBuildPhase;
			buildActionMask = 2147483647;
			files = (
			);
			runOnlyForDeploymentPostprocessing = 0;
		};
/* End PBXFrameworksBuildPhase section */

/* Begin PBXGroup section */
		B578512F2A43908900B21A03 /* Resources */ = {
			isa = PBXGroup;
			children = (
				B5B8347B2A43885200866E6A /* Assets.xcassets */,
				B57851322A439D3C00B21A03 /* Colors.swift */,
				B578512C2A43906800B21A03 /* Localizable.strings */,
				B57851342A439F2C00B21A03 /* Styles.swift */,
				B57851302A439C3F00B21A03 /* ViewModifiers.swift */,
			);
			path = Resources;
			sourceTree = "<group>";
		};
		B5B8346B2A43884F00866E6A = {
			isa = PBXGroup;
			children = (
				B5B834762A43884F00866E6A /* WhoopTraining */,
				B5B834752A43884F00866E6A /* Products */,
			);
			sourceTree = "<group>";
		};
		B5B834752A43884F00866E6A /* Products */ = {
			isa = PBXGroup;
			children = (
				B5B834742A43884F00866E6A /* WhoopTraining.app */,
			);
			name = Products;
			sourceTree = "<group>";
		};
		B5B834762A43884F00866E6A /* WhoopTraining */ = {
			isa = PBXGroup;
			children = (
				B578512F2A43908900B21A03 /* Resources */,
				B5B834852A4388F800866E6A /* Views */,
				B5B834772A43884F00866E6A /* WhoopTrainingApp.swift */,
				B5B834792A43885000866E6A /* ContentView.swift */,
				B5B8347D2A43885200866E6A /* Preview Content */,
			);
			path = WhoopTraining;
			sourceTree = "<group>";
		};
		B5B8347D2A43885200866E6A /* Preview Content */ = {
			isa = PBXGroup;
			children = (
				B5B8347E2A43885200866E6A /* Preview Assets.xcassets */,
			);
			path = "Preview Content";
			sourceTree = "<group>";
		};
		B5B834852A4388F800866E6A /* Views */ = {
			isa = PBXGroup;
			children = (
				B5B834862A43892F00866E6A /* GenericCard.swift */,
				B53D949C2A44ACCA008B243E /* ImpactUnlockedCardView.swift */,
			);
			path = Views;
			sourceTree = "<group>";
		};
/* End PBXGroup section */

/* Begin PBXNativeTarget section */
		B5B834732A43884F00866E6A /* WhoopTraining */ = {
			isa = PBXNativeTarget;
			buildConfigurationList = B5B834822A43885200866E6A /* Build configuration list for PBXNativeTarget "WhoopTraining" */;
			buildPhases = (
				B5B834702A43884F00866E6A /* Sources */,
				B5B834712A43884F00866E6A /* Frameworks */,
				B5B834722A43884F00866E6A /* Resources */,
			);
			buildRules = (
			);
			dependencies = (
			);
			name = WhoopTraining;
			productName = WhoopTraining;
			productReference = B5B834742A43884F00866E6A /* WhoopTraining.app */;
			productType = "com.apple.product-type.application";
		};
/* End PBXNativeTarget section */

/* Begin PBXProject section */
		B5B8346C2A43884F00866E6A /* Project object */ = {
			isa = PBXProject;
			attributes = {
				BuildIndependentTargetsInParallel = 1;
				LastSwiftUpdateCheck = 1430;
				LastUpgradeCheck = 1430;
				TargetAttributes = {
					B5B834732A43884F00866E6A = {
						CreatedOnToolsVersion = 14.3.1;
					};
				};
			};
			buildConfigurationList = B5B8346F2A43884F00866E6A /* Build configuration list for PBXProject "WhoopTraining" */;
			compatibilityVersion = "Xcode 14.0";
			developmentRegion = en;
			hasScannedForEncodings = 0;
			knownRegions = (
				en,
				Base,
			);
			mainGroup = B5B8346B2A43884F00866E6A;
			productRefGroup = B5B834752A43884F00866E6A /* Products */;
			projectDirPath = "";
			projectRoot = "";
			targets = (
				B5B834732A43884F00866E6A /* WhoopTraining */,
			);
		};
/* End PBXProject section */

/* Begin PBXResourcesBuildPhase section */
		B5B834722A43884F00866E6A /* Resources */ = {
			isa = PBXResourcesBuildPhase;
			buildActionMask = 2147483647;
			files = (
				B5B8347F2A43885200866E6A /* Preview Assets.xcassets in Resources */,
				B578512D2A43906800B21A03 /* Localizable.strings in Resources */,
				B5B8347C2A43885200866E6A /* Assets.xcassets in Resources */,
			);
			runOnlyForDeploymentPostprocessing = 0;
		};
/* End PBXResourcesBuildPhase section */

/* Begin PBXSourcesBuildPhase section */
		B5B834702A43884F00866E6A /* Sources */ = {
			isa = PBXSourcesBuildPhase;
			buildActionMask = 2147483647;
			files = (
				B5B8347A2A43885000866E6A /* ContentView.swift in Sources */,
				B57851332A439D3C00B21A03 /* Colors.swift in Sources */,
				B5B834782A43885000866E6A /* WhoopTrainingApp.swift in Sources */,
				B57851352A439F2C00B21A03 /* Styles.swift in Sources */,
				B5B834872A43892F00866E6A /* GenericCard.swift in Sources */,
				B57851312A439C3F00B21A03 /* ViewModifiers.swift in Sources */,
				B53D949D2A44ACCA008B243E /* ImpactUnlockedCardView.swift in Sources */,
			);
			runOnlyForDeploymentPostprocessing = 0;
		};
/* End PBXSourcesBuildPhase section */

/* Begin XCBuildConfiguration section */
		B5B834802A43885200866E6A /* Debug */ = {
			isa = XCBuildConfiguration;
			buildSettings = {
				ALWAYS_SEARCH_USER_PATHS = NO;
				CLANG_ANALYZER_NONNULL = YES;
				CLANG_ANALYZER_NUMBER_OBJECT_CONVERSION = YES_AGGRESSIVE;
				CLANG_CXX_LANGUAGE_STANDARD = "gnu++20";
				CLANG_ENABLE_MODULES = YES;
				CLANG_ENABLE_OBJC_ARC = YES;
				CLANG_ENABLE_OBJC_WEAK = YES;
				CLANG_WARN_BLOCK_CAPTURE_AUTORELEASING = YES;
				CLANG_WARN_BOOL_CONVERSION = YES;
				CLANG_WARN_COMMA = YES;
				CLANG_WARN_CONSTANT_CONVERSION = YES;
				CLANG_WARN_DEPRECATED_OBJC_IMPLEMENTATIONS = YES;
				CLANG_WARN_DIRECT_OBJC_ISA_USAGE = YES_ERROR;
				CLANG_WARN_DOCUMENTATION_COMMENTS = YES;
				CLANG_WARN_EMPTY_BODY = YES;
				CLANG_WARN_ENUM_CONVERSION = YES;
				CLANG_WARN_INFINITE_RECURSION = YES;
				CLANG_WARN_INT_CONVERSION = YES;
				CLANG_WARN_NON_LITERAL_NULL_CONVERSION = YES;
				CLANG_WARN_OBJC_IMPLICIT_RETAIN_SELF = YES;
				CLANG_WARN_OBJC_LITERAL_CONVERSION = YES;
				CLANG_WARN_OBJC_ROOT_CLASS = YES_ERROR;
				CLANG_WARN_QUOTED_INCLUDE_IN_FRAMEWORK_HEADER = YES;
				CLANG_WARN_RANGE_LOOP_ANALYSIS = YES;
				CLANG_WARN_STRICT_PROTOTYPES = YES;
				CLANG_WARN_SUSPICIOUS_MOVE = YES;
				CLANG_WARN_UNGUARDED_AVAILABILITY = YES_AGGRESSIVE;
				CLANG_WARN_UNREACHABLE_CODE = YES;
				CLANG_WARN__DUPLICATE_METHOD_MATCH = YES;
				COPY_PHASE_STRIP = NO;
				DEBUG_INFORMATION_FORMAT = dwarf;
				ENABLE_STRICT_OBJC_MSGSEND = YES;
				ENABLE_TESTABILITY = YES;
				GCC_C_LANGUAGE_STANDARD = gnu11;
				GCC_DYNAMIC_NO_PIC = NO;
				GCC_NO_COMMON_BLOCKS = YES;
				GCC_OPTIMIZATION_LEVEL = 0;
				GCC_PREPROCESSOR_DEFINITIONS = (
					"DEBUG=1",
					"$(inherited)",
				);
				GCC_WARN_64_TO_32_BIT_CONVERSION = YES;
				GCC_WARN_ABOUT_RETURN_TYPE = YES_ERROR;
				GCC_WARN_UNDECLARED_SELECTOR = YES;
				GCC_WARN_UNINITIALIZED_AUTOS = YES_AGGRESSIVE;
				GCC_WARN_UNUSED_FUNCTION = YES;
				GCC_WARN_UNUSED_VARIABLE = YES;
				IPHONEOS_DEPLOYMENT_TARGET = 16.4;
				MTL_ENABLE_DEBUG_INFO = INCLUDE_SOURCE;
				MTL_FAST_MATH = YES;
				ONLY_ACTIVE_ARCH = YES;
				SDKROOT = iphoneos;
				SWIFT_ACTIVE_COMPILATION_CONDITIONS = DEBUG;
				SWIFT_OPTIMIZATION_LEVEL = "-Onone";
			};
			name = Debug;
		};
		B5B834812A43885200866E6A /* Release */ = {
			isa = XCBuildConfiguration;
			buildSettings = {
				ALWAYS_SEARCH_USER_PATHS = NO;
				CLANG_ANALYZER_NONNULL = YES;
				CLANG_ANALYZER_NUMBER_OBJECT_CONVERSION = YES_AGGRESSIVE;
				CLANG_CXX_LANGUAGE_STANDARD = "gnu++20";
				CLANG_ENABLE_MODULES = YES;
				CLANG_ENABLE_OBJC_ARC = YES;
				CLANG_ENABLE_OBJC_WEAK = YES;
				CLANG_WARN_BLOCK_CAPTURE_AUTORELEASING = YES;
				CLANG_WARN_BOOL_CONVERSION = YES;
				CLANG_WARN_COMMA = YES;
				CLANG_WARN_CONSTANT_CONVERSION = YES;
				CLANG_WARN_DEPRECATED_OBJC_IMPLEMENTATIONS = YES;
				CLANG_WARN_DIRECT_OBJC_ISA_USAGE = YES_ERROR;
				CLANG_WARN_DOCUMENTATION_COMMENTS = YES;
				CLANG_WARN_EMPTY_BODY = YES;
				CLANG_WARN_ENUM_CONVERSION = YES;
				CLANG_WARN_INFINITE_RECURSION = YES;
				CLANG_WARN_INT_CONVERSION = YES;
				CLANG_WARN_NON_LITERAL_NULL_CONVERSION = YES;
				CLANG_WARN_OBJC_IMPLICIT_RETAIN_SELF = YES;
				CLANG_WARN_OBJC_LITERAL_CONVERSION = YES;
				CLANG_WARN_OBJC_ROOT_CLASS = YES_ERROR;
				CLANG_WARN_QUOTED_INCLUDE_IN_FRAMEWORK_HEADER = YES;
				CLANG_WARN_RANGE_LOOP_ANALYSIS = YES;
				CLANG_WARN_STRICT_PROTOTYPES = YES;
				CLANG_WARN_SUSPICIOUS_MOVE = YES;
				CLANG_WARN_UNGUARDED_AVAILABILITY = YES_AGGRESSIVE;
				CLANG_WARN_UNREACHABLE_CODE = YES;
				CLANG_WARN__DUPLICATE_METHOD_MATCH = YES;
				COPY_PHASE_STRIP = NO;
				DEBUG_INFORMATION_FORMAT = "dwarf-with-dsym";
				ENABLE_NS_ASSERTIONS = NO;
				ENABLE_STRICT_OBJC_MSGSEND = YES;
				GCC_C_LANGUAGE_STANDARD = gnu11;
				GCC_NO_COMMON_BLOCKS = YES;
				GCC_WARN_64_TO_32_BIT_CONVERSION = YES;
				GCC_WARN_ABOUT_RETURN_TYPE = YES_ERROR;
				GCC_WARN_UNDECLARED_SELECTOR = YES;
				GCC_WARN_UNINITIALIZED_AUTOS = YES_AGGRESSIVE;
				GCC_WARN_UNUSED_FUNCTION = YES;
				GCC_WARN_UNUSED_VARIABLE = YES;
				IPHONEOS_DEPLOYMENT_TARGET = 16.4;
				MTL_ENABLE_DEBUG_INFO = NO;
				MTL_FAST_MATH = YES;
				SDKROOT = iphoneos;
				SWIFT_COMPILATION_MODE = wholemodule;
				SWIFT_OPTIMIZATION_LEVEL = "-O";
				VALIDATE_PRODUCT = YES;
			};
			name = Release;
		};
		B5B834832A43885200866E6A /* Debug */ = {
			isa = XCBuildConfiguration;
			buildSettings = {
				ASSETCATALOG_COMPILER_APPICON_NAME = AppIcon;
				ASSETCATALOG_COMPILER_GLOBAL_ACCENT_COLOR_NAME = AccentColor;
				CODE_SIGN_STYLE = Automatic;
				CURRENT_PROJECT_VERSION = 1;
				DEVELOPMENT_ASSET_PATHS = "\"WhoopTraining/Preview Content\"";
				ENABLE_PREVIEWS = YES;
				GENERATE_INFOPLIST_FILE = YES;
				INFOPLIST_KEY_UIApplicationSceneManifest_Generation = YES;
				INFOPLIST_KEY_UIApplicationSupportsIndirectInputEvents = YES;
				INFOPLIST_KEY_UILaunchScreen_Generation = YES;
				INFOPLIST_KEY_UISupportedInterfaceOrientations_iPad = "UIInterfaceOrientationPortrait UIInterfaceOrientationPortraitUpsideDown UIInterfaceOrientationLandscapeLeft UIInterfaceOrientationLandscapeRight";
				INFOPLIST_KEY_UISupportedInterfaceOrientations_iPhone = "UIInterfaceOrientationPortrait UIInterfaceOrientationLandscapeLeft UIInterfaceOrientationLandscapeRight";
				LD_RUNPATH_SEARCH_PATHS = (
					"$(inherited)",
					"@executable_path/Frameworks",
				);
				MARKETING_VERSION = 1.0;
				PRODUCT_BUNDLE_IDENTIFIER = com.orangeloops.fdeluca.WhoopTraining;
				PRODUCT_NAME = "$(TARGET_NAME)";
				SWIFT_EMIT_LOC_STRINGS = YES;
				SWIFT_VERSION = 5.0;
				TARGETED_DEVICE_FAMILY = "1,2";
			};
			name = Debug;
		};
		B5B834842A43885200866E6A /* Release */ = {
			isa = XCBuildConfiguration;
			buildSettings = {
				ASSETCATALOG_COMPILER_APPICON_NAME = AppIcon;
				ASSETCATALOG_COMPILER_GLOBAL_ACCENT_COLOR_NAME = AccentColor;
				CODE_SIGN_STYLE = Automatic;
				CURRENT_PROJECT_VERSION = 1;
				DEVELOPMENT_ASSET_PATHS = "\"WhoopTraining/Preview Content\"";
				ENABLE_PREVIEWS = YES;
				GENERATE_INFOPLIST_FILE = YES;
				INFOPLIST_KEY_UIApplicationSceneManifest_Generation = YES;
				INFOPLIST_KEY_UIApplicationSupportsIndirectInputEvents = YES;
				INFOPLIST_KEY_UILaunchScreen_Generation = YES;
				INFOPLIST_KEY_UISupportedInterfaceOrientations_iPad = "UIInterfaceOrientationPortrait UIInterfaceOrientationPortraitUpsideDown UIInterfaceOrientationLandscapeLeft UIInterfaceOrientationLandscapeRight";
				INFOPLIST_KEY_UISupportedInterfaceOrientations_iPhone = "UIInterfaceOrientationPortrait UIInterfaceOrientationLandscapeLeft UIInterfaceOrientationLandscapeRight";
				LD_RUNPATH_SEARCH_PATHS = (
					"$(inherited)",
					"@executable_path/Frameworks",
				);
				MARKETING_VERSION = 1.0;
				PRODUCT_BUNDLE_IDENTIFIER = com.orangeloops.fdeluca.WhoopTraining;
				PRODUCT_NAME = "$(TARGET_NAME)";
				SWIFT_EMIT_LOC_STRINGS = YES;
				SWIFT_VERSION = 5.0;
				TARGETED_DEVICE_FAMILY = "1,2";
			};
			name = Release;
		};
/* End XCBuildConfiguration section */

/* Begin XCConfigurationList section */
		B5B8346F2A43884F00866E6A /* Build configuration list for PBXProject "WhoopTraining" */ = {
			isa = XCConfigurationList;
			buildConfigurations = (
				B5B834802A43885200866E6A /* Debug */,
				B5B834812A43885200866E6A /* Release */,
			);
			defaultConfigurationIsVisible = 0;
			defaultConfigurationName = Release;
		};
		B5B834822A43885200866E6A /* Build configuration list for PBXNativeTarget "WhoopTraining" */ = {
			isa = XCConfigurationList;
			buildConfigurations = (
				B5B834832A43885200866E6A /* Debug */,
				B5B834842A43885200866E6A /* Release */,
			);
			defaultConfigurationIsVisible = 0;
			defaultConfigurationName = Release;
		};
/* End XCConfigurationList section */
	};
	rootObject = B5B8346C2A43884F00866E6A /* Project object */;
}
